
Microsoft Visual Studio Solution File, Format Version 12.00
# Visual Studio 15
VisualStudioVersion = 15.0.26124.0
MinimumVisualStudioVersion = 15.0.26124.0
Project("{FAE04EC0-301F-11D3-BF4B-00C04F79EFBC}") = "RentService.Core.Application", "src\RentService.Core.Application\RentService.Core.Application.csproj", "{AEAA2AB7-B733-44E9-9866-C70F8D51A9FC}"
EndProject
Project("{FAE04EC0-301F-11D3-BF4B-00C04F79EFBC}") = "RentService.Core.Domain", "src\RentService.Core.Domain\RentService.Core.Domain.csproj", "{67A11600-93BD-4D3E-9679-73F185EBD274}"
EndProject
Project("{FAE04EC0-301F-11D3-BF4B-00C04F79EFBC}") = "RentService.Infrastructure.Persistence", "src\RentService.Infrastructure.Persistence\RentService.Infrastructure.Persistence.csproj", "{6991DCC6-9885-493E-8411-A641FCD36126}"
EndProject
Project("{FAE04EC0-301F-11D3-BF4B-00C04F79EFBC}") = "RentService.UserInterface.RestApi", "src\RentService.UserInterface.RestApi\RentService.UserInterface.RestApi.csproj", "{A86C015C-A792-4352-85FE-0174F576B5E1}"
EndProject
Project("{FAE04EC0-301F-11D3-BF4B-00C04F79EFBC}") = "RentService.Infrastructure.Persistence.Query", "src\RentService.Infrastructure.Persistence.Query\RentService.Infrastructure.Persistence.Query.csproj", "{985DFB01-2418-4C7A-9D75-AF79C71AB242}"
EndProject
Project("{FAE04EC0-301F-11D3-BF4B-00C04F79EFBC}") = "RentService.UserInterface.SoapApi", "src\RentService.UserInterface.SoapApi\RentService.UserInterface.SoapApi.csproj", "{6AEF8DD9-6842-4E48-9E75-93F1B6A0DB8A}"
EndProject
Project("{FAE04EC0-301F-11D3-BF4B-00C04F79EFBC}") = "RentService.Core.Application.Test", "tests\RentService.Core.Application.Test\RentService.Core.Application.Test.csproj", "{23181C01-30B5-4517-9C8E-FB0CAB0F079A}"
EndProject
Project("{FAE04EC0-301F-11D3-BF4B-00C04F79EFBC}") = "UserService.Core.Domain", "UserService.Core.Domain\UserService.Core.Domain.csproj", "{345A6F7D-6B0A-49B8-B1F1-DCD1E9F1F151}"
EndProject
Project("{FAE04EC0-301F-11D3-BF4B-00C04F79EFBC}") = "UserService.Core.Application", "UserService.Core.Application\UserService.Core.Application.csproj", "{ED409C0A-E9FD-42FC-A512-7826BCFFCDB8}"
EndProject
Project("{FAE04EC0-301F-11D3-BF4B-00C04F79EFBC}") = "UserService.Infrastructure.Persistence", "UserService.Infrastructure.Persistence\UserService.Infrastructure.Persistence.csproj", "{2E2666F0-B2EA-46F9-88C8-AAE6C08065F7}"
EndProject
Project("{FAE04EC0-301F-11D3-BF4B-00C04F79EFBC}") = "UserService.Infrastructure.Persistence.Query", "UserService.Infrastructure.Persistence.Query\UserService.Infrastructure.Persistence.Query.csproj", "{599F65C3-7245-435D-B8E9-70CE79F37702}"
EndProject
Global
	GlobalSection(ProjectConfigurationPlatforms) = postSolution
		{AEAA2AB7-B733-44E9-9866-C70F8D51A9FC}.Debug|Any CPU.ActiveCfg = Debug|Any CPU
		{AEAA2AB7-B733-44E9-9866-C70F8D51A9FC}.Debug|Any CPU.Build.0 = Debug|Any CPU
		{AEAA2AB7-B733-44E9-9866-C70F8D51A9FC}.Release|Any CPU.ActiveCfg = Release|Any CPU
		{AEAA2AB7-B733-44E9-9866-C70F8D51A9FC}.Release|Any CPU.Build.0 = Release|Any CPU
		{67A11600-93BD-4D3E-9679-73F185EBD274}.Debug|Any CPU.ActiveCfg = Debug|Any CPU
		{67A11600-93BD-4D3E-9679-73F185EBD274}.Debug|Any CPU.Build.0 = Debug|Any CPU
		{67A11600-93BD-4D3E-9679-73F185EBD274}.Release|Any CPU.ActiveCfg = Release|Any CPU
		{67A11600-93BD-4D3E-9679-73F185EBD274}.Release|Any CPU.Build.0 = Release|Any CPU
		{6991DCC6-9885-493E-8411-A641FCD36126}.Debug|Any CPU.ActiveCfg = Debug|Any CPU
		{6991DCC6-9885-493E-8411-A641FCD36126}.Debug|Any CPU.Build.0 = Debug|Any CPU
		{6991DCC6-9885-493E-8411-A641FCD36126}.Release|Any CPU.ActiveCfg = Release|Any CPU
		{6991DCC6-9885-493E-8411-A641FCD36126}.Release|Any CPU.Build.0 = Release|Any CPU
		{A86C015C-A792-4352-85FE-0174F576B5E1}.Debug|Any CPU.ActiveCfg = Debug|Any CPU
		{A86C015C-A792-4352-85FE-0174F576B5E1}.Debug|Any CPU.Build.0 = Debug|Any CPU
		{A86C015C-A792-4352-85FE-0174F576B5E1}.Release|Any CPU.ActiveCfg = Release|Any CPU
		{A86C015C-A792-4352-85FE-0174F576B5E1}.Release|Any CPU.Build.0 = Release|Any CPU
		{985DFB01-2418-4C7A-9D75-AF79C71AB242}.Debug|Any CPU.ActiveCfg = Debug|Any CPU
		{985DFB01-2418-4C7A-9D75-AF79C71AB242}.Debug|Any CPU.Build.0 = Debug|Any CPU
		{985DFB01-2418-4C7A-9D75-AF79C71AB242}.Release|Any CPU.ActiveCfg = Release|Any CPU
		{985DFB01-2418-4C7A-9D75-AF79C71AB242}.Release|Any CPU.Build.0 = Release|Any CPU
		{6AEF8DD9-6842-4E48-9E75-93F1B6A0DB8A}.Debug|Any CPU.ActiveCfg = Debug|Any CPU
		{6AEF8DD9-6842-4E48-9E75-93F1B6A0DB8A}.Debug|Any CPU.Build.0 = Debug|Any CPU
		{6AEF8DD9-6842-4E48-9E75-93F1B6A0DB8A}.Release|Any CPU.ActiveCfg = Release|Any CPU
		{6AEF8DD9-6842-4E48-9E75-93F1B6A0DB8A}.Release|Any CPU.Build.0 = Release|Any CPU
		{23181C01-30B5-4517-9C8E-FB0CAB0F079A}.Debug|Any CPU.ActiveCfg = Debug|Any CPU
		{23181C01-30B5-4517-9C8E-FB0CAB0F079A}.Debug|Any CPU.Build.0 = Debug|Any CPU
		{23181C01-30B5-4517-9C8E-FB0CAB0F079A}.Release|Any CPU.ActiveCfg = Release|Any CPU
		{23181C01-30B5-4517-9C8E-FB0CAB0F079A}.Release|Any CPU.Build.0 = Release|Any CPU
		{345A6F7D-6B0A-49B8-B1F1-DCD1E9F1F151}.Debug|Any CPU.ActiveCfg = Debug|Any CPU
		{345A6F7D-6B0A-49B8-B1F1-DCD1E9F1F151}.Debug|Any CPU.Build.0 = Debug|Any CPU
		{345A6F7D-6B0A-49B8-B1F1-DCD1E9F1F151}.Release|Any CPU.ActiveCfg = Release|Any CPU
		{345A6F7D-6B0A-49B8-B1F1-DCD1E9F1F151}.Release|Any CPU.Build.0 = Release|Any CPU
		{ED409C0A-E9FD-42FC-A512-7826BCFFCDB8}.Debug|Any CPU.ActiveCfg = Debug|Any CPU
		{ED409C0A-E9FD-42FC-A512-7826BCFFCDB8}.Debug|Any CPU.Build.0 = Debug|Any CPU
		{ED409C0A-E9FD-42FC-A512-7826BCFFCDB8}.Release|Any CPU.ActiveCfg = Release|Any CPU
		{ED409C0A-E9FD-42FC-A512-7826BCFFCDB8}.Release|Any CPU.Build.0 = Release|Any CPU
		{2E2666F0-B2EA-46F9-88C8-AAE6C08065F7}.Debug|Any CPU.ActiveCfg = Debug|Any CPU
		{2E2666F0-B2EA-46F9-88C8-AAE6C08065F7}.Debug|Any CPU.Build.0 = Debug|Any CPU
		{2E2666F0-B2EA-46F9-88C8-AAE6C08065F7}.Release|Any CPU.ActiveCfg = Release|Any CPU
		{2E2666F0-B2EA-46F9-88C8-AAE6C08065F7}.Release|Any CPU.Build.0 = Release|Any CPU
		{599F65C3-7245-435D-B8E9-70CE79F37702}.Debug|Any CPU.ActiveCfg = Debug|Any CPU
		{599F65C3-7245-435D-B8E9-70CE79F37702}.Debug|Any CPU.Build.0 = Debug|Any CPU
		{599F65C3-7245-435D-B8E9-70CE79F37702}.Release|Any CPU.ActiveCfg = Release|Any CPU
		{599F65C3-7245-435D-B8E9-70CE79F37702}.Release|Any CPU.Build.0 = Release|Any CPU
	EndGlobalSection
	GlobalSection(SolutionConfigurationPlatforms) = preSolution
		Debug|Any CPU = Debug|Any CPU
		Release|Any CPU = Release|Any CPU
	EndGlobalSection
EndGlobal
