
Microsoft Visual Studio Solution File, Format Version 12.00
Project("{FAE04EC0-301F-11D3-BF4B-00C04F79EFBC}") = "Application.Core", "src\Application.Core\Application.Core.csproj", "{1DADF3E5-B96A-4368-B28B-528701B79278}"
EndProject
Project("{FAE04EC0-301F-11D3-BF4B-00C04F79EFBC}") = "Application.Infrastructure", "src\Application.Infrastructure\Application.Infrastructure.csproj", "{F6BC006B-B2D8-4CC7-8249-3F036F4990CA}"
EndProject
Global
	GlobalSection(SolutionConfigurationPlatforms) = preSolution
		Debug|Any CPU = Debug|Any CPU
		Release|Any CPU = Release|Any CPU
	EndGlobalSection
	GlobalSection(ProjectConfigurationPlatforms) = postSolution
		{1DADF3E5-B96A-4368-B28B-528701B79278}.Debug|Any CPU.ActiveCfg = Debug|Any CPU
		{1DADF3E5-B96A-4368-B28B-528701B79278}.Debug|Any CPU.Build.0 = Debug|Any CPU
		{1DADF3E5-B96A-4368-B28B-528701B79278}.Release|Any CPU.ActiveCfg = Release|Any CPU
		{1DADF3E5-B96A-4368-B28B-528701B79278}.Release|Any CPU.Build.0 = Release|Any CPU
		{F6BC006B-B2D8-4CC7-8249-3F036F4990CA}.Debug|Any CPU.ActiveCfg = Debug|Any CPU
		{F6BC006B-B2D8-4CC7-8249-3F036F4990CA}.Debug|Any CPU.Build.0 = Debug|Any CPU
		{F6BC006B-B2D8-4CC7-8249-3F036F4990CA}.Release|Any CPU.ActiveCfg = Release|Any CPU
		{F6BC006B-B2D8-4CC7-8249-3F036F4990CA}.Release|Any CPU.Build.0 = Release|Any CPU
	EndGlobalSection
EndGlobal
