
Microsoft Visual Studio Solution File, Format Version 12.00
# Visual Studio 15
VisualStudioVersion = 15.0.26124.0
MinimumVisualStudioVersion = 15.0.26124.0
Project("{FAE04EC0-301F-11D3-BF4B-00C04F79EFBC}") = "Core.Application", "src\Core.Application\Core.Application.csproj", "{AEAA2AB7-B733-44E9-9866-C70F8D51A9FC}"
EndProject
Project("{FAE04EC0-301F-11D3-BF4B-00C04F79EFBC}") = "Core.Domain", "src\Core.Domain\Core.Domain.csproj", "{67A11600-93BD-4D3E-9679-73F185EBD274}"
EndProject
Project("{FAE04EC0-301F-11D3-BF4B-00C04F79EFBC}") = "Infrastructure.Persistence", "src\Infrastructure.Persistence\Infrastructure.Persistence.csproj", "{6991DCC6-9885-493E-8411-A641FCD36126}"
EndProject
Project("{FAE04EC0-301F-11D3-BF4B-00C04F79EFBC}") = "UserInterface.RestApi", "src\UserInterface.RestApi\UserInterface.RestApi.csproj", "{A86C015C-A792-4352-85FE-0174F576B5E1}"
EndProject
Project("{FAE04EC0-301F-11D3-BF4B-00C04F79EFBC}") = "Infrastructure.Persistence.Query", "src\Infrastructure.Persistence.Query\Infrastructure.Persistence.Query.csproj", "{985DFB01-2418-4C7A-9D75-AF79C71AB242}"
EndProject
Global
	GlobalSection(ProjectConfigurationPlatforms) = postSolution
		{AEAA2AB7-B733-44E9-9866-C70F8D51A9FC}.Debug|Any CPU.ActiveCfg = Debug|Any CPU
		{AEAA2AB7-B733-44E9-9866-C70F8D51A9FC}.Debug|Any CPU.Build.0 = Debug|Any CPU
		{AEAA2AB7-B733-44E9-9866-C70F8D51A9FC}.Release|Any CPU.ActiveCfg = Release|Any CPU
		{AEAA2AB7-B733-44E9-9866-C70F8D51A9FC}.Release|Any CPU.Build.0 = Release|Any CPU
		{67A11600-93BD-4D3E-9679-73F185EBD274}.Debug|Any CPU.ActiveCfg = Debug|Any CPU
		{67A11600-93BD-4D3E-9679-73F185EBD274}.Debug|Any CPU.Build.0 = Debug|Any CPU
		{67A11600-93BD-4D3E-9679-73F185EBD274}.Release|Any CPU.ActiveCfg = Release|Any CPU
		{67A11600-93BD-4D3E-9679-73F185EBD274}.Release|Any CPU.Build.0 = Release|Any CPU
		{6991DCC6-9885-493E-8411-A641FCD36126}.Debug|Any CPU.ActiveCfg = Debug|Any CPU
		{6991DCC6-9885-493E-8411-A641FCD36126}.Debug|Any CPU.Build.0 = Debug|Any CPU
		{6991DCC6-9885-493E-8411-A641FCD36126}.Release|Any CPU.ActiveCfg = Release|Any CPU
		{6991DCC6-9885-493E-8411-A641FCD36126}.Release|Any CPU.Build.0 = Release|Any CPU
		{A86C015C-A792-4352-85FE-0174F576B5E1}.Debug|Any CPU.ActiveCfg = Debug|Any CPU
		{A86C015C-A792-4352-85FE-0174F576B5E1}.Debug|Any CPU.Build.0 = Debug|Any CPU
		{A86C015C-A792-4352-85FE-0174F576B5E1}.Release|Any CPU.ActiveCfg = Release|Any CPU
		{A86C015C-A792-4352-85FE-0174F576B5E1}.Release|Any CPU.Build.0 = Release|Any CPU
		{985DFB01-2418-4C7A-9D75-AF79C71AB242}.Debug|Any CPU.ActiveCfg = Debug|Any CPU
		{985DFB01-2418-4C7A-9D75-AF79C71AB242}.Debug|Any CPU.Build.0 = Debug|Any CPU
		{985DFB01-2418-4C7A-9D75-AF79C71AB242}.Release|Any CPU.ActiveCfg = Release|Any CPU
		{985DFB01-2418-4C7A-9D75-AF79C71AB242}.Release|Any CPU.Build.0 = Release|Any CPU
	EndGlobalSection
	GlobalSection(SolutionConfigurationPlatforms) = preSolution
		Debug|Any CPU = Debug|Any CPU
		Release|Any CPU = Release|Any CPU
	EndGlobalSection
EndGlobal
